{
    "name": "txml",
    "version": "4.0.1",
    "lockfileVersion": 1,
    "requires": true,
    "dependencies": {
        "fsevents": {
            "version": "2.3.2",
            "resolved": "https://registry.npmjs.org/fsevents/-/fsevents-2.3.2.tgz",
            "integrity": "sha512-xiqMQR4xAeHTuB9uWm+fFRcIOgKBMiOBP+eXiyT7jsgVCq1bkVygt00oASowB7EdtpOHaaPgKt812P9ab+DDKA==",
            "dev": true,
            "optional": true
        },
        "inherits": {
            "version": "2.0.4",
            "resolved": "https://registry.npmjs.org/inherits/-/inherits-2.0.4.tgz",
            "integrity": "sha512-k/vGaX4/Yla3WzyMCvTQOXYeIHvqOKtnqBduzTHpzpQZzAskKMhZ2K+EnBiSM9zGSoIFeMpXKxa4dYeZIQqewQ=="
        },
        "readable-stream": {
            "version": "3.4.0",
            "resolved": "https://registry.npmjs.org/readable-stream/-/readable-stream-3.4.0.tgz",
            "integrity": "sha512-jItXPLmrSR8jmTRmRWJXCnGJsfy85mB3Wd/uINMXA65yrnFo0cPClFIUWzo2najVNSl+mx7/4W8ttlLWJe99pQ==",
            "requires": {
                "inherits": "^2.0.3",
                "string_decoder": "^1.1.1",
                "util-deprecate": "^1.0.1"
            }
        },
        "rollup": {
            "version": "2.52.2",
            "resolved": "https://registry.npmjs.org/rollup/-/rollup-2.52.2.tgz",
            "integrity": "sha512-4RlFC3k2BIHlUsJ9mGd8OO+9Lm2eDF5P7+6DNQOp5sx+7N/1tFM01kELfbxlMX3MxT6owvLB1ln4S3QvvQlbUA==",
            "dev": true,
            "requires": {
                "fsevents": "~2.3.2"
            }
        },
        "safe-buffer": {
            "version": "5.2.0",
            "resolved": "https://registry.npmjs.org/safe-buffer/-/safe-buffer-5.2.0.tgz",
            "integrity": "sha512-fZEwUGbVl7kouZs1jCdMLdt95hdIv0ZeHg6L7qPeciMZhZ+/gdesW4wgTARkrFWEpspjEATAzUGPG8N2jJiwbg=="
        },
        "string_decoder": {
            "version": "1.3.0",
            "resolved": "https://registry.npmjs.org/string_decoder/-/string_decoder-1.3.0.tgz",
            "integrity": "sha512-hkRX8U1WjJFd8LsDJ2yQ/wWWxaopEsABU1XfkM8A+j0+85JAGppt16cr1Whg6KIbb4okU6Mql6BOj+uup/wKeA==",
            "requires": {
                "safe-buffer": "~5.2.0"
            }
        },
        "through2": {
            "version": "3.0.1",
            "resolved": "https://registry.npmjs.org/through2/-/through2-3.0.1.tgz",
            "integrity": "sha512-M96dvTalPT3YbYLaKaCuwu+j06D/8Jfib0o/PxbVt6Amhv3dUAtW6rTV1jPgJSBG83I/e04Y6xkVdVhSRhi0ww==",
            "requires": {
                "readable-stream": "2 || 3"
            }
        },
        "typescript": {
            "version": "4.2.3",
            "resolved": "https://registry.npmjs.org/typescript/-/typescript-4.2.3.tgz",
            "integrity": "sha512-qOcYwxaByStAWrBf4x0fibwZvMRG+r4cQoTjbPtUlrWjBHbmCAww1i448U0GJ+3cNNEtebDteo/cHOR3xJ4wEw==",
            "dev": true
        },
        "util-deprecate": {
            "version": "1.0.2",
            "resolved": "https://registry.npmjs.org/util-deprecate/-/util-deprecate-1.0.2.tgz",
            "integrity": "sha1-RQ1Nyfpw3nMnYvvS1KKJgUGaDM8="
        }
    }
}
